# This file is automatically @generated by Cargo.
# It is not intended for manual editing.
[[package]]
name = "anyhow"
version = "1.0.37"
source = "registry+https://github.com/rust-lang/crates.io-index"
checksum = "ee67c11feeac938fae061b232e38e0b6d94f97a9df10e6271319325ac4c56a86"

[[package]]
name = "cfg-if"
version = "0.1.10"
source = "registry+https://github.com/rust-lang/crates.io-index"
checksum = "4785bdd1c96b2a846b2bd7cc02e86b6b3dbf14e7e53446c4f54c92a361040822"

[[package]]
name = "configparser"
version = "2.0.0"
source = "registry+https://github.com/rust-lang/crates.io-index"
checksum = "e2616d8c1fbf887d76dd8e067ec1bc3be7669994378428b4415a8e4ad57baae1"

[[package]]
name = "itoa"
version = "0.4.7"
source = "registry+https://github.com/rust-lang/crates.io-index"
checksum = "dd25036021b0de88a0aff6b850051563c6516d0bf53f8638938edbb9de732736"

[[package]]
name = "libc"
version = "0.2.82"
source = "registry+https://github.com/rust-lang/crates.io-index"
checksum = "89203f3fba0a3795506acaad8ebce3c80c0af93f994d5a1d7a0b1eeb23271929"

[[package]]
name = "log"
version = "0.4.11"
source = "registry+https://github.com/rust-lang/crates.io-index"
checksum = "4fabed175da42fed1fa0746b0ea71f412aa9d35e76e95e59b192c64b9dc2bf8b"
dependencies = [
 "cfg-if",
]

[[package]]
name = "proc-macro2"
version = "1.0.24"
source = "registry+https://github.com/rust-lang/crates.io-index"
checksum = "1e0704ee1a7e00d7bb417d0770ea303c1bccbabf0ef1667dae92b5967f5f8a71"
dependencies = [
 "unicode-xid",
]

[[package]]
name = "quote"
version = "1.0.8"
source = "registry+https://github.com/rust-lang/crates.io-index"
checksum = "991431c3519a3f36861882da93630ce66b52918dcf1b8e2fd66b397fc96f28df"
dependencies = [
 "proc-macro2",
]

[[package]]
name = "ryu"
version = "1.0.5"
source = "registry+https://github.com/rust-lang/crates.io-index"
checksum = "71d301d4193d031abdd79ff7e3dd721168a9572ef3fe51a1517aba235bd8f86e"

[[package]]
name = "serde"
version = "1.0.118"
source = "registry+https://github.com/rust-lang/crates.io-index"
checksum = "06c64263859d87aa2eb554587e2d23183398d617427327cf2b3d0ed8c69e4800"
dependencies = [
 "serde_derive",
]

[[package]]
name = "serde_derive"
version = "1.0.118"
source = "registry+https://github.com/rust-lang/crates.io-index"
checksum = "c84d3526699cd55261af4b941e4e725444df67aa4f9e6a3564f18030d12672df"
dependencies = [
 "proc-macro2",
 "quote",
 "syn",
]

[[package]]
name = "serde_json"
version = "1.0.61"
source = "registry+https://github.com/rust-lang/crates.io-index"
checksum = "4fceb2595057b6891a4ee808f70054bd2d12f0e97f1cbb78689b59f676df325a"
dependencies = [
 "itoa",
 "ryu",
 "serde",
]

[[package]]
name = "syn"
version = "1.0.58"
source = "registry+https://github.com/rust-lang/crates.io-index"
checksum = "cc60a3d73ea6594cd712d830cc1f0390fd71542d8c8cd24e70cc54cdfd5e05d5"
dependencies = [
 "proc-macro2",
 "quote",
 "unicode-xid",
]

[[package]]
name = "unicode-xid"
version = "0.2.1"
source = "registry+https://github.com/rust-lang/crates.io-index"
checksum = "f7fe0bb3479651439c9112f72b6c505038574c9fbb575ed1bf3b797fa39dd564"

[[package]]
name = "wait-timeout"
version = "0.2.0"
source = "registry+https://github.com/rust-lang/crates.io-index"
checksum = "9f200f5b12eb75f8c1ed65abd4b2db8a6e1b138a20de009dacee265a2498f3f6"
dependencies = [
 "libc",
]

[[package]]
name = "youtube_dl"
version = "0.6.0"
source = "registry+https://github.com/rust-lang/crates.io-index"
checksum = "c034a9a2a97acaed34bce00993c0d3ddb0b506b13df232fbad687d0fca77012a"
dependencies = [
 "log",
 "serde",
 "serde_json",
 "wait-timeout",
]

[[package]]
name = "ytpl"
version = "0.1.0"
dependencies = [
 "anyhow",
 "configparser",
 "youtube_dl",
]
